// !$*UTF8*$!
{
	archiveVersion = 1;
	classes = {
	};
	objectVersion = 46;
	objects = {

/* Begin PBXBuildFile section */
		0B356E125E2DEBAA36AF348B /* libPods-IchangeMyMoney.a in Frameworks */ = {isa = PBXBuildFile; fileRef = 288F727C73068776C2590EA8 /* libPods-IchangeMyMoney.a */; };
		155FD5951CA8505B00835D39 /* main.m in Sources */ = {isa = PBXBuildFile; fileRef = 155FD5941CA8505B00835D39 /* main.m */; };
		155FD5981CA8505B00835D39 /* AppDelegate.m in Sources */ = {isa = PBXBuildFile; fileRef = 155FD5971CA8505B00835D39 /* AppDelegate.m */; };
		155FD59B1CA8505B00835D39 /* ViewController.m in Sources */ = {isa = PBXBuildFile; fileRef = 155FD59A1CA8505B00835D39 /* ViewController.m */; };
		155FD59E1CA8505B00835D39 /* Main.storyboard in Resources */ = {isa = PBXBuildFile; fileRef = 155FD59C1CA8505B00835D39 /* Main.storyboard */; };
		155FD5A01CA8505B00835D39 /* Assets.xcassets in Resources */ = {isa = PBXBuildFile; fileRef = 155FD59F1CA8505B00835D39 /* Assets.xcassets */; };
		155FD5A31CA8505B00835D39 /* LaunchScreen.storyboard in Resources */ = {isa = PBXBuildFile; fileRef = 155FD5A11CA8505B00835D39 /* LaunchScreen.storyboard */; };
		155FD5AE1CA8505B00835D39 /* IchangeMyMoneyTests.m in Sources */ = {isa = PBXBuildFile; fileRef = 155FD5AD1CA8505B00835D39 /* IchangeMyMoneyTests.m */; };
		155FD5B91CA8505B00835D39 /* IchangeMyMoneyUITests.m in Sources */ = {isa = PBXBuildFile; fileRef = 155FD5B81CA8505B00835D39 /* IchangeMyMoneyUITests.m */; };
		15F705C61CA85937006FACEA /* HomeViewController.m in Sources */ = {isa = PBXBuildFile; fileRef = 15F705C51CA85937006FACEA /* HomeViewController.m */; settings = {ASSET_TAGS = (); }; };
/* End PBXBuildFile section */

/* Begin PBXContainerItemProxy section */
		155FD5AA1CA8505B00835D39 /* PBXContainerItemProxy */ = {
			isa = PBXContainerItemProxy;
			containerPortal = 155FD5881CA8505B00835D39 /* Project object */;
			proxyType = 1;
			remoteGlobalIDString = 155FD58F1CA8505B00835D39;
			remoteInfo = IchangeMyMoney;
		};
		155FD5B51CA8505B00835D39 /* PBXContainerItemProxy */ = {
			isa = PBXContainerItemProxy;
			containerPortal = 155FD5881CA8505B00835D39 /* Project object */;
			proxyType = 1;
			remoteGlobalIDString = 155FD58F1CA8505B00835D39;
			remoteInfo = IchangeMyMoney;
		};
/* End PBXContainerItemProxy section */

/* Begin PBXFileReference section */
		155FD5901CA8505B00835D39 /* IchangeMyMoney.app */ = {isa = PBXFileReference; explicitFileType = wrapper.application; includeInIndex = 0; path = IchangeMyMoney.app; sourceTree = BUILT_PRODUCTS_DIR; };
		155FD5941CA8505B00835D39 /* main.m */ = {isa = PBXFileReference; lastKnownFileType = sourcecode.c.objc; path = main.m; sourceTree = "<group>"; };
		155FD5961CA8505B00835D39 /* AppDelegate.h */ = {isa = PBXFileReference; lastKnownFileType = sourcecode.c.h; path = AppDelegate.h; sourceTree = "<group>"; };
		155FD5971CA8505B00835D39 /* AppDelegate.m */ = {isa = PBXFileReference; lastKnownFileType = sourcecode.c.objc; path = AppDelegate.m; sourceTree = "<group>"; };
		155FD5991CA8505B00835D39 /* ViewController.h */ = {isa = PBXFileReference; lastKnownFileType = sourcecode.c.h; path = ViewController.h; sourceTree = "<group>"; };
		155FD59A1CA8505B00835D39 /* ViewController.m */ = {isa = PBXFileReference; lastKnownFileType = sourcecode.c.objc; path = ViewController.m; sourceTree = "<group>"; };
		155FD59D1CA8505B00835D39 /* Base */ = {isa = PBXFileReference; lastKnownFileType = file.storyboard; name = Base; path = Base.lproj/Main.storyboard; sourceTree = "<group>"; };
		155FD59F1CA8505B00835D39 /* Assets.xcassets */ = {isa = PBXFileReference; lastKnownFileType = folder.assetcatalog; path = Assets.xcassets; sourceTree = "<group>"; };
		155FD5A21CA8505B00835D39 /* Base */ = {isa = PBXFileReference; lastKnownFileType = file.storyboard; name = Base; path = Base.lproj/LaunchScreen.storyboard; sourceTree = "<group>"; };
		155FD5A41CA8505B00835D39 /* Info.plist */ = {isa = PBXFileReference; lastKnownFileType = text.plist.xml; path = Info.plist; sourceTree = "<group>"; };
		155FD5A91CA8505B00835D39 /* IchangeMyMoneyTests.xctest */ = {isa = PBXFileReference; explicitFileType = wrapper.cfbundle; includeInIndex = 0; path = IchangeMyMoneyTests.xctest; sourceTree = BUILT_PRODUCTS_DIR; };
		155FD5AD1CA8505B00835D39 /* IchangeMyMoneyTests.m */ = {isa = PBXFileReference; lastKnownFileType = sourcecode.c.objc; path = IchangeMyMoneyTests.m; sourceTree = "<group>"; };
		155FD5AF1CA8505B00835D39 /* Info.plist */ = {isa = PBXFileReference; lastKnownFileType = text.plist.xml; path = Info.plist; sourceTree = "<group>"; };
		155FD5B41CA8505B00835D39 /* IchangeMyMoneyUITests.xctest */ = {isa = PBXFileReference; explicitFileType = wrapper.cfbundle; includeInIndex = 0; path = IchangeMyMoneyUITests.xctest; sourceTree = BUILT_PRODUCTS_DIR; };
		155FD5B81CA8505B00835D39 /* IchangeMyMoneyUITests.m */ = {isa = PBXFileReference; lastKnownFileType = sourcecode.c.objc; path = IchangeMyMoneyUITests.m; sourceTree = "<group>"; };
		155FD5BA1CA8505B00835D39 /* Info.plist */ = {isa = PBXFileReference; lastKnownFileType = text.plist.xml; path = Info.plist; sourceTree = "<group>"; };
		15F705C41CA85937006FACEA /* HomeViewController.h */ = {isa = PBXFileReference; fileEncoding = 4; lastKnownFileType = sourcecode.c.h; path = HomeViewController.h; sourceTree = "<group>"; };
		15F705C51CA85937006FACEA /* HomeViewController.m */ = {isa = PBXFileReference; fileEncoding = 4; lastKnownFileType = sourcecode.c.objc; path = HomeViewController.m; sourceTree = "<group>"; };
		206AF59BEDE577957D5301C2 /* Pods-IchangeMyMoney.release.xcconfig */ = {isa = PBXFileReference; includeInIndex = 1; lastKnownFileType = text.xcconfig; name = "Pods-IchangeMyMoney.release.xcconfig"; path = "Pods/Target Support Files/Pods-IchangeMyMoney/Pods-IchangeMyMoney.release.xcconfig"; sourceTree = "<group>"; };
		288F727C73068776C2590EA8 /* libPods-IchangeMyMoney.a */ = {isa = PBXFileReference; explicitFileType = archive.ar; includeInIndex = 0; path = "libPods-IchangeMyMoney.a"; sourceTree = BUILT_PRODUCTS_DIR; };
		66C2149365AF3260600CECCF /* Pods-IchangeMyMoney.debug.xcconfig */ = {isa = PBXFileReference; includeInIndex = 1; lastKnownFileType = text.xcconfig; name = "Pods-IchangeMyMoney.debug.xcconfig"; path = "Pods/Target Support Files/Pods-IchangeMyMoney/Pods-IchangeMyMoney.debug.xcconfig"; sourceTree = "<group>"; };
/* End PBXFileReference section */

/* Begin PBXFrameworksBuildPhase section */
		155FD58D1CA8505B00835D39 /* Frameworks */ = {
			isa = PBXFrameworksBuildPhase;
			buildActionMask = 2147483647;
			files = (
				0B356E125E2DEBAA36AF348B /* libPods-IchangeMyMoney.a in Frameworks */,
			);
			runOnlyForDeploymentPostprocessing = 0;
		};
		155FD5A61CA8505B00835D39 /* Frameworks */ = {
			isa = PBXFrameworksBuildPhase;
			buildActionMask = 2147483647;
			files = (
			);
			runOnlyForDeploymentPostprocessing = 0;
		};
		155FD5B11CA8505B00835D39 /* Frameworks */ = {
			isa = PBXFrameworksBuildPhase;
			buildActionMask = 2147483647;
			files = (
			);
			runOnlyForDeploymentPostprocessing = 0;
		};
/* End PBXFrameworksBuildPhase section */

/* Begin PBXGroup section */
		155FD5871CA8505B00835D39 = {
			isa = PBXGroup;
			children = (
				155FD5921CA8505B00835D39 /* IchangeMyMoney */,
				155FD5AC1CA8505B00835D39 /* IchangeMyMoneyTests */,
				155FD5B71CA8505B00835D39 /* IchangeMyMoneyUITests */,
				155FD5911CA8505B00835D39 /* Products */,
				DBD51D5779E87915AB21505C /* Pods */,
				DA318ECD1259C1A9041CA02A /* Frameworks */,
			);
			sourceTree = "<group>";
		};
		155FD5911CA8505B00835D39 /* Products */ = {
			isa = PBXGroup;
			children = (
				155FD5901CA8505B00835D39 /* IchangeMyMoney.app */,
				155FD5A91CA8505B00835D39 /* IchangeMyMoneyTests.xctest */,
				155FD5B41CA8505B00835D39 /* IchangeMyMoneyUITests.xctest */,
			);
			name = Products;
			sourceTree = "<group>";
		};
		155FD5921CA8505B00835D39 /* IchangeMyMoney */ = {
			isa = PBXGroup;
			children = (
				155FD5961CA8505B00835D39 /* AppDelegate.h */,
				155FD5971CA8505B00835D39 /* AppDelegate.m */,
				155FD5991CA8505B00835D39 /* ViewController.h */,
				155FD59A1CA8505B00835D39 /* ViewController.m */,
				155FD59C1CA8505B00835D39 /* Main.storyboard */,
				15F705C41CA85937006FACEA /* HomeViewController.h */,
				15F705C51CA85937006FACEA /* HomeViewController.m */,
				155FD59F1CA8505B00835D39 /* Assets.xcassets */,
				155FD5A11CA8505B00835D39 /* LaunchScreen.storyboard */,
				155FD5A41CA8505B00835D39 /* Info.plist */,
				155FD5931CA8505B00835D39 /* Supporting Files */,
			);
			path = IchangeMyMoney;
			sourceTree = "<group>";
		};
		155FD5931CA8505B00835D39 /* Supporting Files */ = {
			isa = PBXGroup;
			children = (
				155FD5941CA8505B00835D39 /* main.m */,
			);
			name = "Supporting Files";
			sourceTree = "<group>";
		};
		155FD5AC1CA8505B00835D39 /* IchangeMyMoneyTests */ = {
			isa = PBXGroup;
			children = (
				155FD5AD1CA8505B00835D39 /* IchangeMyMoneyTests.m */,
				155FD5AF1CA8505B00835D39 /* Info.plist */,
			);
			path = IchangeMyMoneyTests;
			sourceTree = "<group>";
		};
		155FD5B71CA8505B00835D39 /* IchangeMyMoneyUITests */ = {
			isa = PBXGroup;
			children = (
				155FD5B81CA8505B00835D39 /* IchangeMyMoneyUITests.m */,
				155FD5BA1CA8505B00835D39 /* Info.plist */,
			);
			path = IchangeMyMoneyUITests;
			sourceTree = "<group>";
		};
		DA318ECD1259C1A9041CA02A /* Frameworks */ = {
			isa = PBXGroup;
			children = (
				288F727C73068776C2590EA8 /* libPods-IchangeMyMoney.a */,
			);
			name = Frameworks;
			sourceTree = "<group>";
		};
		DBD51D5779E87915AB21505C /* Pods */ = {
			isa = PBXGroup;
			children = (
				66C2149365AF3260600CECCF /* Pods-IchangeMyMoney.debug.xcconfig */,
				206AF59BEDE577957D5301C2 /* Pods-IchangeMyMoney.release.xcconfig */,
			);
			name = Pods;
			sourceTree = "<group>";
		};
/* End PBXGroup section */

/* Begin PBXNativeTarget section */
		155FD58F1CA8505B00835D39 /* IchangeMyMoney */ = {
			isa = PBXNativeTarget;
			buildConfigurationList = 155FD5BD1CA8505B00835D39 /* Build configuration list for PBXNativeTarget "IchangeMyMoney" */;
			buildPhases = (
				6178F0F25FB90941912F2B22 /* Check Pods Manifest.lock */,
				155FD58C1CA8505B00835D39 /* Sources */,
				155FD58D1CA8505B00835D39 /* Frameworks */,
				155FD58E1CA8505B00835D39 /* Resources */,
				5A1AAAB3EF1CA8FC91F2E9AD /* Embed Pods Frameworks */,
				12F0AB34AAA6A27F54567237 /* Copy Pods Resources */,
			);
			buildRules = (
			);
			dependencies = (
			);
			name = IchangeMyMoney;
			productName = IchangeMyMoney;
			productReference = 155FD5901CA8505B00835D39 /* IchangeMyMoney.app */;
			productType = "com.apple.product-type.application";
		};
		155FD5A81CA8505B00835D39 /* IchangeMyMoneyTests */ = {
			isa = PBXNativeTarget;
			buildConfigurationList = 155FD5C01CA8505B00835D39 /* Build configuration list for PBXNativeTarget "IchangeMyMoneyTests" */;
			buildPhases = (
				155FD5A51CA8505B00835D39 /* Sources */,
				155FD5A61CA8505B00835D39 /* Frameworks */,
				155FD5A71CA8505B00835D39 /* Resources */,
			);
			buildRules = (
			);
			dependencies = (
				155FD5AB1CA8505B00835D39 /* PBXTargetDependency */,
			);
			name = IchangeMyMoneyTests;
			productName = IchangeMyMoneyTests;
			productReference = 155FD5A91CA8505B00835D39 /* IchangeMyMoneyTests.xctest */;
			productType = "com.apple.product-type.bundle.unit-test";
		};
		155FD5B31CA8505B00835D39 /* IchangeMyMoneyUITests */ = {
			isa = PBXNativeTarget;
			buildConfigurationList = 155FD5C31CA8505B00835D39 /* Build configuration list for PBXNativeTarget "IchangeMyMoneyUITests" */;
			buildPhases = (
				155FD5B01CA8505B00835D39 /* Sources */,
				155FD5B11CA8505B00835D39 /* Frameworks */,
				155FD5B21CA8505B00835D39 /* Resources */,
			);
			buildRules = (
			);
			dependencies = (
				155FD5B61CA8505B00835D39 /* PBXTargetDependency */,
			);
			name = IchangeMyMoneyUITests;
			productName = IchangeMyMoneyUITests;
			productReference = 155FD5B41CA8505B00835D39 /* IchangeMyMoneyUITests.xctest */;
			productType = "com.apple.product-type.bundle.ui-testing";
		};
/* End PBXNativeTarget section */

/* Begin PBXProject section */
		155FD5881CA8505B00835D39 /* Project object */ = {
			isa = PBXProject;
			attributes = {
				LastUpgradeCheck = 0700;
				ORGANIZATIONNAME = idesigndreams;
				TargetAttributes = {
					155FD58F1CA8505B00835D39 = {
						CreatedOnToolsVersion = 7.0.1;
						DevelopmentTeam = 3WN2HPYHZR;
					};
					155FD5A81CA8505B00835D39 = {
						CreatedOnToolsVersion = 7.0.1;
						DevelopmentTeam = 3WN2HPYHZR;
						TestTargetID = 155FD58F1CA8505B00835D39;
					};
					155FD5B31CA8505B00835D39 = {
						CreatedOnToolsVersion = 7.0.1;
						DevelopmentTeam = 3WN2HPYHZR;
						TestTargetID = 155FD58F1CA8505B00835D39;
					};
				};
			};
			buildConfigurationList = 155FD58B1CA8505B00835D39 /* Build configuration list for PBXProject "IchangeMyMoney" */;
			compatibilityVersion = "Xcode 3.2";
			developmentRegion = English;
			hasScannedForEncodings = 0;
			knownRegions = (
				en,
				Base,
			);
			mainGroup = 155FD5871CA8505B00835D39;
			productRefGroup = 155FD5911CA8505B00835D39 /* Products */;
			projectDirPath = "";
			projectRoot = "";
			targets = (
				155FD58F1CA8505B00835D39 /* IchangeMyMoney */,
				155FD5A81CA8505B00835D39 /* IchangeMyMoneyTests */,
				155FD5B31CA8505B00835D39 /* IchangeMyMoneyUITests */,
			);
		};
/* End PBXProject section */

/* Begin PBXResourcesBuildPhase section */
		155FD58E1CA8505B00835D39 /* Resources */ = {
			isa = PBXResourcesBuildPhase;
			buildActionMask = 2147483647;
			files = (
				155FD5A31CA8505B00835D39 /* LaunchScreen.storyboard in Resources */,
				155FD5A01CA8505B00835D39 /* Assets.xcassets in Resources */,
				155FD59E1CA8505B00835D39 /* Main.storyboard in Resources */,
			);
			runOnlyForDeploymentPostprocessing = 0;
		};
		155FD5A71CA8505B00835D39 /* Resources */ = {
			isa = PBXResourcesBuildPhase;
			buildActionMask = 2147483647;
			files = (
			);
			runOnlyForDeploymentPostprocessing = 0;
		};
		155FD5B21CA8505B00835D39 /* Resources */ = {
			isa = PBXResourcesBuildPhase;
			buildActionMask = 2147483647;
			files = (
			);
			runOnlyForDeploymentPostprocessing = 0;
		};
/* End PBXResourcesBuildPhase section */

/* Begin PBXShellScriptBuildPhase section */
		12F0AB34AAA6A27F54567237 /* Copy Pods Resources */ = {
			isa = PBXShellScriptBuildPhase;
			buildActionMask = 2147483647;
			files = (
			);
			inputPaths = (
			);
			name = "Copy Pods Resources";
			outputPaths = (
			);
			runOnlyForDeploymentPostprocessing = 0;
			shellPath = /bin/sh;
			shellScript = "\"${SRCROOT}/Pods/Target Support Files/Pods-IchangeMyMoney/Pods-IchangeMyMoney-resources.sh\"\n";
			showEnvVarsInLog = 0;
		};
		5A1AAAB3EF1CA8FC91F2E9AD /* Embed Pods Frameworks */ = {
			isa = PBXShellScriptBuildPhase;
			buildActionMask = 2147483647;
			files = (
			);
			inputPaths = (
			);
			name = "Embed Pods Frameworks";
			outputPaths = (
			);
			runOnlyForDeploymentPostprocessing = 0;
			shellPath = /bin/sh;
			shellScript = "\"${SRCROOT}/Pods/Target Support Files/Pods-IchangeMyMoney/Pods-IchangeMyMoney-frameworks.sh\"\n";
			showEnvVarsInLog = 0;
		};
		6178F0F25FB90941912F2B22 /* Check Pods Manifest.lock */ = {
			isa = PBXShellScriptBuildPhase;
			buildActionMask = 2147483647;
			files = (
			);
			inputPaths = (
			);
			name = "Check Pods Manifest.lock";
			outputPaths = (
			);
			runOnlyForDeploymentPostprocessing = 0;
			shellPath = /bin/sh;
			shellScript = "diff \"${PODS_ROOT}/../Podfile.lock\" \"${PODS_ROOT}/Manifest.lock\" > /dev/null\nif [[ $? != 0 ]] ; then\n    cat << EOM\nerror: The sandbox is not in sync with the Podfile.lock. Run 'pod install' or update your CocoaPods installation.\nEOM\n    exit 1\nfi\n";
			showEnvVarsInLog = 0;
		};
/* End PBXShellScriptBuildPhase section */

/* Begin PBXSourcesBuildPhase section */
		155FD58C1CA8505B00835D39 /* Sources */ = {
			isa = PBXSourcesBuildPhase;
			buildActionMask = 2147483647;
			files = (
				155FD59B1CA8505B00835D39 /* ViewController.m in Sources */,
				155FD5981CA8505B00835D39 /* AppDelegate.m in Sources */,
				155FD5951CA8505B00835D39 /* main.m in Sources */,
				15F705C61CA85937006FACEA /* HomeViewController.m in Sources */,
			);
			runOnlyForDeploymentPostprocessing = 0;
		};
		155FD5A51CA8505B00835D39 /* Sources */ = {
			isa = PBXSourcesBuildPhase;
			buildActionMask = 2147483647;
			files = (
				155FD5AE1CA8505B00835D39 /* IchangeMyMoneyTests.m in Sources */,
			);
			runOnlyForDeploymentPostprocessing = 0;
		};
		155FD5B01CA8505B00835D39 /* Sources */ = {
			isa = PBXSourcesBuildPhase;
			buildActionMask = 2147483647;
			files = (
				155FD5B91CA8505B00835D39 /* IchangeMyMoneyUITests.m in Sources */,
			);
			runOnlyForDeploymentPostprocessing = 0;
		};
/* End PBXSourcesBuildPhase section */

/* Begin PBXTargetDependency section */
		155FD5AB1CA8505B00835D39 /* PBXTargetDependency */ = {
			isa = PBXTargetDependency;
			target = 155FD58F1CA8505B00835D39 /* IchangeMyMoney */;
			targetProxy = 155FD5AA1CA8505B00835D39 /* PBXContainerItemProxy */;
		};
		155FD5B61CA8505B00835D39 /* PBXTargetDependency */ = {
			isa = PBXTargetDependency;
			target = 155FD58F1CA8505B00835D39 /* IchangeMyMoney */;
			targetProxy = 155FD5B51CA8505B00835D39 /* PBXContainerItemProxy */;
		};
/* End PBXTargetDependency section */

/* Begin PBXVariantGroup section */
		155FD59C1CA8505B00835D39 /* Main.storyboard */ = {
			isa = PBXVariantGroup;
			children = (
				155FD59D1CA8505B00835D39 /* Base */,
			);
			name = Main.storyboard;
			sourceTree = "<group>";
		};
		155FD5A11CA8505B00835D39 /* LaunchScreen.storyboard */ = {
			isa = PBXVariantGroup;
			children = (
				155FD5A21CA8505B00835D39 /* Base */,
			);
			name = LaunchScreen.storyboard;
			sourceTree = "<group>";
		};
/* End PBXVariantGroup section */

/* Begin XCBuildConfiguration section */
		155FD5BB1CA8505B00835D39 /* Debug */ = {
			isa = XCBuildConfiguration;
			buildSettings = {
				ALWAYS_SEARCH_USER_PATHS = NO;
				CLANG_CXX_LANGUAGE_STANDARD = "gnu++0x";
				CLANG_CXX_LIBRARY = "libc++";
				CLANG_ENABLE_MODULES = YES;
				CLANG_ENABLE_OBJC_ARC = YES;
				CLANG_WARN_BOOL_CONVERSION = YES;
				CLANG_WARN_CONSTANT_CONVERSION = YES;
				CLANG_WARN_DIRECT_OBJC_ISA_USAGE = YES_ERROR;
				CLANG_WARN_EMPTY_BODY = YES;
				CLANG_WARN_ENUM_CONVERSION = YES;
				CLANG_WARN_INT_CONVERSION = YES;
				CLANG_WARN_OBJC_ROOT_CLASS = YES_ERROR;
				CLANG_WARN_UNREACHABLE_CODE = YES;
				CLANG_WARN__DUPLICATE_METHOD_MATCH = YES;
				"CODE_SIGN_IDENTITY[sdk=iphoneos*]" = "iPhone Developer";
				COPY_PHASE_STRIP = NO;
				DEBUG_INFORMATION_FORMAT = dwarf;
				ENABLE_STRICT_OBJC_MSGSEND = YES;
				ENABLE_TESTABILITY = YES;
				GCC_C_LANGUAGE_STANDARD = gnu99;
				GCC_DYNAMIC_NO_PIC = NO;
				GCC_NO_COMMON_BLOCKS = YES;
				GCC_OPTIMIZATION_LEVEL = 0;
				GCC_PREPROCESSOR_DEFINITIONS = (
					"DEBUG=1",
					"$(inherited)",
				);
				GCC_WARN_64_TO_32_BIT_CONVERSION = YES;
				GCC_WARN_ABOUT_RETURN_TYPE = YES_ERROR;
				GCC_WARN_UNDECLARED_SELECTOR = YES;
				GCC_WARN_UNINITIALIZED_AUTOS = YES_AGGRESSIVE;
				GCC_WARN_UNUSED_FUNCTION = YES;
				GCC_WARN_UNUSED_VARIABLE = YES;
				IPHONEOS_DEPLOYMENT_TARGET = 9.0;
				MTL_ENABLE_DEBUG_INFO = YES;
				ONLY_ACTIVE_ARCH = YES;
				SDKROOT = iphoneos;
			};
			name = Debug;
		};
		155FD5BC1CA8505B00835D39 /* Release */ = {
			isa = XCBuildConfiguration;
			buildSettings = {
				ALWAYS_SEARCH_USER_PATHS = NO;
				CLANG_CXX_LANGUAGE_STANDARD = "gnu++0x";
				CLANG_CXX_LIBRARY = "libc++";
				CLANG_ENABLE_MODULES = YES;
				CLANG_ENABLE_OBJC_ARC = YES;
				CLANG_WARN_BOOL_CONVERSION = YES;
				CLANG_WARN_CONSTANT_CONVERSION = YES;
				CLANG_WARN_DIRECT_OBJC_ISA_USAGE = YES_ERROR;
				CLANG_WARN_EMPTY_BODY = YES;
				CLANG_WARN_ENUM_CONVERSION = YES;
				CLANG_WARN_INT_CONVERSION = YES;
				CLANG_WARN_OBJC_ROOT_CLASS = YES_ERROR;
				CLANG_WARN_UNREACHABLE_CODE = YES;
				CLANG_WARN__DUPLICATE_METHOD_MATCH = YES;
				"CODE_SIGN_IDENTITY[sdk=iphoneos*]" = "iPhone Developer";
				COPY_PHASE_STRIP = NO;
				DEBUG_INFORMATION_FORMAT = "dwarf-with-dsym";
				ENABLE_NS_ASSERTIONS = NO;
				ENABLE_STRICT_OBJC_MSGSEND = YES;
				GCC_C_LANGUAGE_STANDARD = gnu99;
				GCC_NO_COMMON_BLOCKS = YES;
				GCC_WARN_64_TO_32_BIT_CONVERSION = YES;
				GCC_WARN_ABOUT_RETURN_TYPE = YES_ERROR;
				GCC_WARN_UNDECLARED_SELECTOR = YES;
				GCC_WARN_UNINITIALIZED_AUTOS = YES_AGGRESSIVE;
				GCC_WARN_UNUSED_FUNCTION = YES;
				GCC_WARN_UNUSED_VARIABLE = YES;
				IPHONEOS_DEPLOYMENT_TARGET = 9.0;
				MTL_ENABLE_DEBUG_INFO = NO;
				SDKROOT = iphoneos;
				VALIDATE_PRODUCT = YES;
			};
			name = Release;
		};
		155FD5BE1CA8505B00835D39 /* Debug */ = {
			isa = XCBuildConfiguration;
			baseConfigurationReference = 66C2149365AF3260600CECCF /* Pods-IchangeMyMoney.debug.xcconfig */;
			buildSettings = {
				ASSETCATALOG_COMPILER_APPICON_NAME = AppIcon;
				INFOPLIST_FILE = IchangeMyMoney/Info.plist;
				LD_RUNPATH_SEARCH_PATHS = "$(inherited) @executable_path/Frameworks";
				PRODUCT_BUNDLE_IDENTIFIER = com.idesigndreams.IchangeMyMoney;
				PRODUCT_NAME = "$(TARGET_NAME)";
			};
			name = Debug;
		};
		155FD5BF1CA8505B00835D39 /* Release */ = {
			isa = XCBuildConfiguration;
			baseConfigurationReference = 206AF59BEDE577957D5301C2 /* Pods-IchangeMyMoney.release.xcconfig */;
			buildSettings = {
				ASSETCATALOG_COMPILER_APPICON_NAME = AppIcon;
				INFOPLIST_FILE = IchangeMyMoney/Info.plist;
				LD_RUNPATH_SEARCH_PATHS = "$(inherited) @executable_path/Frameworks";
				PRODUCT_BUNDLE_IDENTIFIER = com.idesigndreams.IchangeMyMoney;
				PRODUCT_NAME = "$(TARGET_NAME)";
			};
			name = Release;
		};
		155FD5C11CA8505B00835D39 /* Debug */ = {
			isa = XCBuildConfiguration;
			buildSettings = {
				BUNDLE_LOADER = "$(TEST_HOST)";
				INFOPLIST_FILE = IchangeMyMoneyTests/Info.plist;
				LD_RUNPATH_SEARCH_PATHS = "$(inherited) @executable_path/Frameworks @loader_path/Frameworks";
				PRODUCT_BUNDLE_IDENTIFIER = com.idesigndreams.IchangeMyMoneyTests;
				PRODUCT_NAME = "$(TARGET_NAME)";
				TEST_HOST = "$(BUILT_PRODUCTS_DIR)/IchangeMyMoney.app/IchangeMyMoney";
			};
			name = Debug;
		};
		155FD5C21CA8505B00835D39 /* Release */ = {
			isa = XCBuildConfiguration;
			buildSettings = {
				BUNDLE_LOADER = "$(TEST_HOST)";
				INFOPLIST_FILE = IchangeMyMoneyTests/Info.plist;
				LD_RUNPATH_SEARCH_PATHS = "$(inherited) @executable_path/Frameworks @loader_path/Frameworks";
				PRODUCT_BUNDLE_IDENTIFIER = com.idesigndreams.IchangeMyMoneyTests;
				PRODUCT_NAME = "$(TARGET_NAME)";
				TEST_HOST = "$(BUILT_PRODUCTS_DIR)/IchangeMyMoney.app/IchangeMyMoney";
			};
			name = Release;
		};
		155FD5C41CA8505B00835D39 /* Debug */ = {
			isa = XCBuildConfiguration;
			buildSettings = {
				INFOPLIST_FILE = IchangeMyMoneyUITests/Info.plist;
				LD_RUNPATH_SEARCH_PATHS = "$(inherited) @executable_path/Frameworks @loader_path/Frameworks";
				PRODUCT_BUNDLE_IDENTIFIER = com.idesigndreams.IchangeMyMoneyUITests;
				PRODUCT_NAME = "$(TARGET_NAME)";
				TEST_TARGET_NAME = IchangeMyMoney;
				USES_XCTRUNNER = YES;
			};
			name = Debug;
		};
		155FD5C51CA8505B00835D39 /* Release */ = {
			isa = XCBuildConfiguration;
			buildSettings = {
				INFOPLIST_FILE = IchangeMyMoneyUITests/Info.plist;
				LD_RUNPATH_SEARCH_PATHS = "$(inherited) @executable_path/Frameworks @loader_path/Frameworks";
				PRODUCT_BUNDLE_IDENTIFIER = com.idesigndreams.IchangeMyMoneyUITests;
				PRODUCT_NAME = "$(TARGET_NAME)";
				TEST_TARGET_NAME = IchangeMyMoney;
				USES_XCTRUNNER = YES;
			};
			name = Release;
		};
/* End XCBuildConfiguration section */

/* Begin XCConfigurationList section */
		155FD58B1CA8505B00835D39 /* Build configuration list for PBXProject "IchangeMyMoney" */ = {
			isa = XCConfigurationList;
			buildConfigurations = (
				155FD5BB1CA8505B00835D39 /* Debug */,
				155FD5BC1CA8505B00835D39 /* Release */,
			);
			defaultConfigurationIsVisible = 0;
			defaultConfigurationName = Release;
		};
		155FD5BD1CA8505B00835D39 /* Build configuration list for PBXNativeTarget "IchangeMyMoney" */ = {
			isa = XCConfigurationList;
			buildConfigurations = (
				155FD5BE1CA8505B00835D39 /* Debug */,
				155FD5BF1CA8505B00835D39 /* Release */,
			);
			defaultConfigurationIsVisible = 0;
			defaultConfigurationName = Release;
		};
		155FD5C01CA8505B00835D39 /* Build configuration list for PBXNativeTarget "IchangeMyMoneyTests" */ = {
			isa = XCConfigurationList;
			buildConfigurations = (
				155FD5C11CA8505B00835D39 /* Debug */,
				155FD5C21CA8505B00835D39 /* Release */,
			);
			defaultConfigurationIsVisible = 0;
			defaultConfigurationName = Release;
		};
		155FD5C31CA8505B00835D39 /* Build configuration list for PBXNativeTarget "IchangeMyMoneyUITests" */ = {
			isa = XCConfigurationList;
			buildConfigurations = (
				155FD5C41CA8505B00835D39 /* Debug */,
				155FD5C51CA8505B00835D39 /* Release */,
			);
			defaultConfigurationIsVisible = 0;
			defaultConfigurationName = Release;
		};
/* End XCConfigurationList section */
	};
	rootObject = 155FD5881CA8505B00835D39 /* Project object */;
}
